# This file is @generated by PDM.
# It is not intended for manual editing.

[metadata]
groups = ["default"]
strategy = ["inherit_metadata"]
lock_version = "4.5.0"
content_hash = "sha256:4029d65217c652c30e359b5c19a3d83b6ef8fd576cad59778a398a653da2d756"

[[metadata.targets]]
requires_python = ">=3.6"

[[package]]
name = "packaging"
version = "21.3"
requires_python = ">=3.6"
summary = "Core utilities for Python packages"
groups = ["default"]
dependencies = [
    "pyparsing!=3.0.5,>=2.0.2",
]
files = [
    {file = "packaging-21.3-py3-none-any.whl", hash = "sha256:ef103e05f519cdc783ae24ea4e2e0f508a9c99b2d4969652eed6a2e1ea5bd522"},
    {file = "packaging-21.3.tar.gz", hash = "sha256:dd47c42927d89ab911e606518907cc2d3a1f38bbd026385970643f9c5b8ecfeb"},
]

[[package]]
name = "pyparsing"
version = "3.0.7"
requires_python = ">=3.6"
summary = "Python parsing module"
groups = ["default"]
files = [
    {file = "pyparsing-3.0.7-py3-none-any.whl", hash = "sha256:a6c06a88f252e6c322f65faf8f418b16213b51bdfaece0524c1c1bc30c63c484"},
    {file = "pyparsing-3.0.7.tar.gz", hash = "sha256:18ee9022775d270c55187733956460083db60b37d0d0fb357445f3094eed3eea"},
]

[[package]]
name = "pyqt5"
version = "5.15.6"
requires_python = ">=3.6"
summary = "Python bindings for the Qt cross platform application toolkit"
groups = ["default"]
dependencies = [
    "PyQt5-Qt5>=5.15.2",
    "PyQt5-sip<13,>=12.8",
]
files = [
    {file = "PyQt5-5.15.6-cp36-abi3-macosx_10_13_x86_64.whl", hash = "sha256:33ced1c876f6a26e7899615a5a4efef2167c263488837c7beed023a64cebd051"},
    {file = "PyQt5-5.15.6-cp36-abi3-manylinux1_x86_64.whl", hash = "sha256:9d6efad0377aa78bf081a20ac752ce86096ded18f04c592d98f5b92dc879ad0a"},
    {file = "PyQt5-5.15.6-cp36-abi3-win32.whl", hash = "sha256:9d2dcdaf82263ae56023410a7af15d1fd746c8e361733a7d0d1bd1f004ec2793"},
    {file = "PyQt5-5.15.6-cp36-abi3-win_amd64.whl", hash = "sha256:f411ecda52e488e1d3c5cce7563e1b2ca9cf0b7531e3c25b03d9a7e56e07e7fc"},
    {file = "PyQt5-5.15.6.tar.gz", hash = "sha256:80343bcab95ffba619f2ed2467fd828ffeb0a251ad7225be5fc06dcc333af452"},
]

[[package]]
name = "pyqt5-qt5"
version = "5.15.15"
summary = "The subset of a Qt installation needed by PyQt5."
groups = ["default"]
files = [
    {file = "PyQt5_Qt5-5.15.15-py3-none-macosx_10_13_x86_64.whl", hash = "sha256:eb74072935958a830887115b1de1ff26341fc2d5881b28129de39612b10a260e"},
    {file = "PyQt5_Qt5-5.15.15-py3-none-macosx_11_0_arm64.whl", hash = "sha256:f8b174725fbe29c1a22f8acce5798933a65c8a083f1d9833ff212479ec2b3c14"},
    {file = "PyQt5_Qt5-5.15.15-py3-none-manylinux2014_x86_64.whl", hash = "sha256:611505d04ffb06a5e5bcf98f5ff0e4e15ba7785565ccbe7bd3b2e40642ea3bdd"},
]

[[package]]
name = "pyqt5-sip"
version = "12.9.1"
requires_python = ">=3.5"
summary = "The sip module support for PyQt5"
groups = ["default"]
files = [
    {file = "PyQt5_sip-12.9.1-cp310-cp310-macosx_10_9_universal2.whl", hash = "sha256:6b2e553e21b7ff124007a6b9168f8bb8c171fdf230d31ca0588df180f10bacbe"},
    {file = "PyQt5_sip-12.9.1-cp310-cp310-manylinux1_x86_64.whl", hash = "sha256:5740a1770d6b92a5dca8bb0bda4620baf0d7a726beb864f69c667ddac91d6f64"},
    {file = "PyQt5_sip-12.9.1-cp310-cp310-win32.whl", hash = "sha256:9699286fcdf4f75a4b91c7e4832c0f926af18d648c62a4ed72dd294c1a93705a"},
    {file = "PyQt5_sip-12.9.1-cp310-cp310-win_amd64.whl", hash = "sha256:e2792af660da7479799f53028da88190ae8b4a0ad5acc2acbfd6c7bbfe110d58"},
    {file = "PyQt5_sip-12.9.1-cp36-cp36m-macosx_10_6_intel.whl", hash = "sha256:7ee08ad0ebf85b935f5d8d38306f8665fff9a6026c14fc0a7d780649e889c096"},
    {file = "PyQt5_sip-12.9.1-cp36-cp36m-manylinux1_x86_64.whl", hash = "sha256:2d21420b0739df2607864e2c80ca01994bc40cb116da6ad024ea8d9f407b0356"},
    {file = "PyQt5_sip-12.9.1-cp36-cp36m-win32.whl", hash = "sha256:ffd25051962c593d1c3c30188b9fbd8589ba17acd23a0202dc987bd3552fa611"},
    {file = "PyQt5_sip-12.9.1-cp36-cp36m-win_amd64.whl", hash = "sha256:78ef8f1f41819661aa8e3117d6c1cd76fa14aef265e5bfd515dbfc64d412416b"},
    {file = "PyQt5_sip-12.9.1-cp37-cp37m-macosx_10_9_x86_64.whl", hash = "sha256:5e641182bfee0501267c55e687832e4efe05becdae9e555d3695d706009b6598"},
    {file = "PyQt5_sip-12.9.1-cp37-cp37m-manylinux1_x86_64.whl", hash = "sha256:c9a977d2835a5fbf250b00d61267dc228bdec9e20c7420d4e8d54d6f20410f87"},
    {file = "PyQt5_sip-12.9.1-cp37-cp37m-win32.whl", hash = "sha256:cec6ebf0b1163b18f09bc523160c467a9528b6dca129753827ac0bc432b332ae"},
    {file = "PyQt5_sip-12.9.1-cp37-cp37m-win_amd64.whl", hash = "sha256:82c1b3080db7634fa318fddbb3cfaa30e63a67bca1001a76958c31f30b774a9d"},
    {file = "PyQt5_sip-12.9.1-cp38-cp38-macosx_10_9_x86_64.whl", hash = "sha256:cfaad4a773c18b963092589b1a98153d36624601de8597a4dc287e5a295d5625"},
    {file = "PyQt5_sip-12.9.1-cp38-cp38-manylinux1_x86_64.whl", hash = "sha256:ce7a8b3af9db378c46b345d9809d481a74c4bfcd3129486c054fbdbc6a3503f9"},
    {file = "PyQt5_sip-12.9.1-cp38-cp38-win32.whl", hash = "sha256:8fe5b3e4bbb8b472d05631cad21028d073f9f8eda770041449514cb3824a867f"},
    {file = "PyQt5_sip-12.9.1-cp38-cp38-win_amd64.whl", hash = "sha256:5d59c4a5e856a35c41b47f5a23e1635b38cd1672f4f0122a68ebcb6889523ff2"},
    {file = "PyQt5_sip-12.9.1-cp39-cp39-macosx_10_9_x86_64.whl", hash = "sha256:b56aedf7b0a496e4a8bd6087566888cea448aa01c76126cdb8b140e3ff3f5d93"},
    {file = "PyQt5_sip-12.9.1-cp39-cp39-manylinux1_x86_64.whl", hash = "sha256:53e23dcc0fc3857204abd47660e383b930941bd1aeaf3c78ed59c5c12dd48010"},
    {file = "PyQt5_sip-12.9.1-cp39-cp39-win32.whl", hash = "sha256:ee188eac5fd94dfe8d9e04a9e7fbda65c3535d5709278d8b7367ebd54f00e27f"},
    {file = "PyQt5_sip-12.9.1-cp39-cp39-win_amd64.whl", hash = "sha256:989d51c41456cc496cb96f0b341464932b957040d26561f0bb4cf5a0914d6b36"},
    {file = "PyQt5_sip-12.9.1.tar.gz", hash = "sha256:2f24f299b44c511c23796aafbbb581bfdebf78d0905657b7cee2141b4982030e"},
]

[[package]]
name = "qtpy"
version = "2.0.1"
requires_python = ">=3.6"
summary = "Provides an abstraction layer on top of the various Qt bindings (PyQt5/6 and PySide2/6)."
groups = ["default"]
dependencies = [
    "packaging",
]
files = [
    {file = "QtPy-2.0.1-py3-none-any.whl", hash = "sha256:d93f2c98e97387fcc9d623d509772af5b6c15ab9d8f9f4c5dfbad9a73ad34812"},
    {file = "QtPy-2.0.1.tar.gz", hash = "sha256:adfd073ffbd2de81dc7aaa0b983499ef5c59c96adcfdcc9dea60d42ca885eb8f"},
]
